{
    "_meta": {
        "hash": {
            "sha256": "7e93d3ed34adae2fe7680533b88d83d99d100f7d108f5795b4b4f0229142a7a8"
        },
        "pipfile-spec": 6,
        "requires": {
            "python_version": "3.8"
        },
        "sources": [
            {
                "name": "pypi",
                "url": "https://pypi.org/simple",
                "verify_ssl": true
            }
        ]
    },
    "default": {
        "wasmer": {
            "hashes": [
                "sha256:1e63d16bd6e2e2272d8721647831de5c537e0bb08002ee6d7abf167ec02d5178",
                "sha256:20b5190112e2e94a8947967f2bc683c9685855d0f34130d8434c87a55216a3bd",
                "sha256:214d9a3cfb577ea9449eb2b5f13adceae34c55365e4c3d930066beb86a7f67bc",
                "sha256:2caf8c67feae9cd4246421551036917811c446da4f27ad4c989521ef42751931",
                "sha256:85e6a5bf44853e8e6a12e947ee3412da9e84f7ce49fc165ba5dbd293e9c5c405",
                "sha256:a0a4730ec4907a4cb0d9d4a77ea2608c2c814f22a22b73fc80be0f110e014836",
                "sha256:a182a6eca9b46d895b4985fc822fab8da3d2f84fab74ca27e55a7430a7fcf336",
                "sha256:aa112198b743cff2e391230436813fb4b244a24443e37866522b7197e3a034da",
                "sha256:ab1ae980021e5ec0bf0c6cdd3b979b1d15a5f3eb2b8a32da8dcb1156e4a1e484",
                "sha256:b9e5605552bd7d2bc6337519b176defe83bc69b98abf3caaaefa4f7ec231d18a",
                "sha256:c0b37117f6d3ff51ee96431c7d224d99799b08d174e30fcd0fcd7e2e3cb8140c",
                "sha256:c2af4b907ae2dabcac41e316e811d5937c93adf1f8b05c5d49427f8ce0f37630",
                "sha256:d0d93aec6215893d33e803ef0a8d37bf948c585dd80ba0e23a83fafee820bc03",
                "sha256:ee442f0970f40ec5e32011c92fd753fb2061da0faa13de13fafc730c31be34e3"
            ],
            "version": "==1.1.0"
        },
        "wasmer-compiler-cranelift": {
            "hashes": [
                "sha256:157d87cbd1d04adbad55b50cb4bedc28e444caf74797fd96df17390667e58699",
                "sha256:200fea80609cfb088457327acf66d5aa61f4c4f66b5a71133ada960b534c7355",
                "sha256:2a4349b1ddd727bd46bc5ede741839dcfc5153c52f064a83998c4150d5d4a85c",
                "sha256:32fe38614fccc933da77ee4372904a5fa9c12b859209a2e4048a8284c4c371f2",
                "sha256:405546ee864ac158a4107f374dfbb1c8d6cfb189829bdcd13050143a4bd98f28",
                "sha256:447285402e366a34667a674db70458c491acd6940b797c175c0b0027f48e64bb",
                "sha256:55a524985179f6b7b88ac973e8fac5a2574d3b125a966fba75fedd5a2525e484",
                "sha256:7d9c782b7721789b16e303b7e70c59df370896dd62b77e2779e3a44b4e1aa20c",
                "sha256:9697ae082317a56776df8ff7df8c922eac38488ef38d3478fe5f0ca144c185ab",
                "sha256:9869910179f39696a020edc5689f7759257ac1cce569a7a0fcf340c59788baad",
                "sha256:bd03db5a916ead51b442c66acad38847dfe127cf90b2019b1680f1920c4f8d06",
                "sha256:bdf75af9ef082e6aeb752550f694273340ece970b65099e0746db0f972760d11",
                "sha256:ff25fc99ebafa04a6c271d08a90d17b927930e3019a2b333c7cfb48ba32c6f71",
                "sha256:ff7dd5bd69030b63521c24583bf0f5457cd2580237340b91ce35370f72a4a1cc"
            ],
            "version": "==1.1.0"
        },
        "wit-pack": {
            "path": "/home/consulting/Documents/wasmer/wit-pack/target/tmp/python",
            "version": "==0.1.0"
        }
    },
    "develop": {}
}
