# THIS IS AN AUTOGENERATED FILE. DO NOT EDIT THIS FILE DIRECTLY.
# yarn lockfile v1


"@michael-f-bryan/hello-wasi@/home/consulting/Documents/wasmer/wasmer-pack/target/tmp/javascript/package":
  version "0.1.0"
  dependencies:
    "@wasmer/wasi" "^1.2.2"

"@michael-f-bryan/hello-wasi@file:../../target/tmp/javascript/package":
  version "0.1.0"
  dependencies:
    "@wasmer/wasi" "^1.2.2"

"@wasmer/wasi@^1.2.2":
  version "1.2.2"
  resolved "https://registry.yarnpkg.com/@wasmer/wasi/-/wasi-1.2.2.tgz#46689b568100ad3923fb1bee0205ccb01f9c5b80"
  integrity sha512-39ZB3gefOVhBmkhf7Ta79RRSV/emIV8LhdvcWhP/MOZEjMmtzoZWMzt7phdKj8CUXOze+AwbvGK60lKaKldn1w==
